
Microsoft Visual Studio Solution File, Format Version 12.00
# Visual Studio Version 17
VisualStudioVersion = 17.7.34009.444
MinimumVisualStudioVersion = 10.0.40219.1
Project("{FAE04EC0-301F-11D3-BF4B-00C04F79EFBC}") = "Project.web", "Project.web\Project.web.csproj", "{A5DD7D21-845C-44CA-90BF-79733E4D862F}"
EndProject
Project("{FAE04EC0-301F-11D3-BF4B-00C04F79EFBC}") = "Project.datalayer", "Project.datalayer\Project.datalayer.csproj", "{FEC5A73C-A944-4C03-94D4-B0016FEA00D3}"
EndProject
Project("{FAE04EC0-301F-11D3-BF4B-00C04F79EFBC}") = "Project.core", "Project.core\Project.core.csproj", "{8F7F29CF-C2CE-4D3C-B13A-BF6B4255235A}"
EndProject
Global
	GlobalSection(SolutionConfigurationPlatforms) = preSolution
		Debug|Any CPU = Debug|Any CPU
		Release|Any CPU = Release|Any CPU
	EndGlobalSection
	GlobalSection(ProjectConfigurationPlatforms) = postSolution
		{A5DD7D21-845C-44CA-90BF-79733E4D862F}.Debug|Any CPU.ActiveCfg = Debug|Any CPU
		{A5DD7D21-845C-44CA-90BF-79733E4D862F}.Debug|Any CPU.Build.0 = Debug|Any CPU
		{A5DD7D21-845C-44CA-90BF-79733E4D862F}.Release|Any CPU.ActiveCfg = Release|Any CPU
		{A5DD7D21-845C-44CA-90BF-79733E4D862F}.Release|Any CPU.Build.0 = Release|Any CPU
		{FEC5A73C-A944-4C03-94D4-B0016FEA00D3}.Debug|Any CPU.ActiveCfg = Debug|Any CPU
		{FEC5A73C-A944-4C03-94D4-B0016FEA00D3}.Debug|Any CPU.Build.0 = Debug|Any CPU
		{FEC5A73C-A944-4C03-94D4-B0016FEA00D3}.Release|Any CPU.ActiveCfg = Release|Any CPU
		{FEC5A73C-A944-4C03-94D4-B0016FEA00D3}.Release|Any CPU.Build.0 = Release|Any CPU
		{8F7F29CF-C2CE-4D3C-B13A-BF6B4255235A}.Debug|Any CPU.ActiveCfg = Debug|Any CPU
		{8F7F29CF-C2CE-4D3C-B13A-BF6B4255235A}.Debug|Any CPU.Build.0 = Debug|Any CPU
		{8F7F29CF-C2CE-4D3C-B13A-BF6B4255235A}.Release|Any CPU.ActiveCfg = Release|Any CPU
		{8F7F29CF-C2CE-4D3C-B13A-BF6B4255235A}.Release|Any CPU.Build.0 = Release|Any CPU
	EndGlobalSection
	GlobalSection(SolutionProperties) = preSolution
		HideSolutionNode = FALSE
	EndGlobalSection
	GlobalSection(ExtensibilityGlobals) = postSolution
		SolutionGuid = {72FB73A9-41DF-4D70-B8F7-2E4762DBCAF2}
	EndGlobalSection
EndGlobal
